
Microsoft Visual Studio Solution File, Format Version 12.00
# Visual Studio Version 17
VisualStudioVersion = 17.5.002.0
MinimumVisualStudioVersion = 10.0.40219.1
Project("{9A19103F-16F7-4668-BE54-9A1E7A4F7556}") = "Identity", "Identity.csproj", "{5C81F468-C403-4514-A2FB-5297198B3C0A}"
EndProject
Global
	GlobalSection(SolutionConfigurationPlatforms) = preSolution
		Debug|Any CPU = Debug|Any CPU
		Release|Any CPU = Release|Any CPU
	EndGlobalSection
	GlobalSection(ProjectConfigurationPlatforms) = postSolution
		{5C81F468-C403-4514-A2FB-5297198B3C0A}.Debug|Any CPU.ActiveCfg = Debug|Any CPU
		{5C81F468-C403-4514-A2FB-5297198B3C0A}.Debug|Any CPU.Build.0 = Debug|Any CPU
		{5C81F468-C403-4514-A2FB-5297198B3C0A}.Release|Any CPU.ActiveCfg = Release|Any CPU
		{5C81F468-C403-4514-A2FB-5297198B3C0A}.Release|Any CPU.Build.0 = Release|Any CPU
	EndGlobalSection
	GlobalSection(SolutionProperties) = preSolution
		HideSolutionNode = FALSE
	EndGlobalSection
	GlobalSection(ExtensibilityGlobals) = postSolution
		SolutionGuid = {8B84EAB7-B432-4B0C-B8A1-7096E855E66C}
	EndGlobalSection
EndGlobal
